// !$*UTF8*$!
{
	archiveVersion = 1;
	classes = {
	};
	objectVersion = 46;
	objects = {

/* Begin PBXBuildFile section */
		2BC517901DCD1E3500CEBB93 /* main.m in Sources */ = {isa = PBXBuildFile; fileRef = 2BC5178F1DCD1E3500CEBB93 /* main.m */; };
		2BC517981DCD215D00CEBB93 /* NSString+PigLatin.m in Sources */ = {isa = PBXBuildFile; fileRef = 2BC517971DCD215D00CEBB93 /* NSString+PigLatin.m */; };
/* End PBXBuildFile section */

/* Begin PBXCopyFilesBuildPhase section */
		2BC5178A1DCD1E3500CEBB93 /* CopyFiles */ = {
			isa = PBXCopyFilesBuildPhase;
			buildActionMask = 2147483647;
			dstPath = /usr/share/man/man1/;
			dstSubfolderSpec = 0;
			files = (
			);
			runOnlyForDeploymentPostprocessing = 1;
		};
/* End PBXCopyFilesBuildPhase section */

/* Begin PBXFileReference section */
		2BC5178C1DCD1E3500CEBB93 /* Pig Latin */ = {isa = PBXFileReference; explicitFileType = "compiled.mach-o.executable"; includeInIndex = 0; path = "Pig Latin"; sourceTree = BUILT_PRODUCTS_DIR; };
		2BC5178F1DCD1E3500CEBB93 /* main.m */ = {isa = PBXFileReference; lastKnownFileType = sourcecode.c.objc; path = main.m; sourceTree = "<group>"; };
		2BC517961DCD215D00CEBB93 /* NSString+PigLatin.h */ = {isa = PBXFileReference; fileEncoding = 4; lastKnownFileType = sourcecode.c.h; path = "NSString+PigLatin.h"; sourceTree = "<group>"; };
		2BC517971DCD215D00CEBB93 /* NSString+PigLatin.m */ = {isa = PBXFileReference; fileEncoding = 4; lastKnownFileType = sourcecode.c.objc; path = "NSString+PigLatin.m"; sourceTree = "<group>"; };
/* End PBXFileReference section */

/* Begin PBXFrameworksBuildPhase section */
		2BC517891DCD1E3500CEBB93 /* Frameworks */ = {
			isa = PBXFrameworksBuildPhase;
			buildActionMask = 2147483647;
			files = (
			);
			runOnlyForDeploymentPostprocessing = 0;
		};
/* End PBXFrameworksBuildPhase section */

/* Begin PBXGroup section */
		2BC517831DCD1E3500CEBB93 = {
			isa = PBXGroup;
			children = (
				2BC5178E1DCD1E3500CEBB93 /* Pig Latin */,
				2BC5178D1DCD1E3500CEBB93 /* Products */,
			);
			sourceTree = "<group>";
		};
		2BC5178D1DCD1E3500CEBB93 /* Products */ = {
			isa = PBXGroup;
			children = (
				2BC5178C1DCD1E3500CEBB93 /* Pig Latin */,
			);
			name = Products;
			sourceTree = "<group>";
		};
		2BC5178E1DCD1E3500CEBB93 /* Pig Latin */ = {
			isa = PBXGroup;
			children = (
				2BC5178F1DCD1E3500CEBB93 /* main.m */,
				2BC517961DCD215D00CEBB93 /* NSString+PigLatin.h */,
				2BC517971DCD215D00CEBB93 /* NSString+PigLatin.m */,
			);
			path = "Pig Latin";
			sourceTree = "<group>";
		};
/* End PBXGroup section */

/* Begin PBXNativeTarget section */
		2BC5178B1DCD1E3500CEBB93 /* Pig Latin */ = {
			isa = PBXNativeTarget;
			buildConfigurationList = 2BC517931DCD1E3500CEBB93 /* Build configuration list for PBXNativeTarget "Pig Latin" */;
			buildPhases = (
				2BC517881DCD1E3500CEBB93 /* Sources */,
				2BC517891DCD1E3500CEBB93 /* Frameworks */,
				2BC5178A1DCD1E3500CEBB93 /* CopyFiles */,
			);
			buildRules = (
			);
			dependencies = (
			);
			name = "Pig Latin";
			productName = "Pig Latin";
			productReference = 2BC5178C1DCD1E3500CEBB93 /* Pig Latin */;
			productType = "com.apple.product-type.tool";
		};
/* End PBXNativeTarget section */

/* Begin PBXProject section */
		2BC517841DCD1E3500CEBB93 /* Project object */ = {
			isa = PBXProject;
			attributes = {
				LastUpgradeCheck = 0810;
				ORGANIZATIONNAME = "Victor Hong";
				TargetAttributes = {
					2BC5178B1DCD1E3500CEBB93 = {
						CreatedOnToolsVersion = 8.1;
						ProvisioningStyle = Automatic;
					};
				};
			};
			buildConfigurationList = 2BC517871DCD1E3500CEBB93 /* Build configuration list for PBXProject "Pig Latin" */;
			compatibilityVersion = "Xcode 3.2";
			developmentRegion = English;
			hasScannedForEncodings = 0;
			knownRegions = (
				en,
			);
			mainGroup = 2BC517831DCD1E3500CEBB93;
			productRefGroup = 2BC5178D1DCD1E3500CEBB93 /* Products */;
			projectDirPath = "";
			projectRoot = "";
			targets = (
				2BC5178B1DCD1E3500CEBB93 /* Pig Latin */,
			);
		};
/* End PBXProject section */

/* Begin PBXSourcesBuildPhase section */
		2BC517881DCD1E3500CEBB93 /* Sources */ = {
			isa = PBXSourcesBuildPhase;
			buildActionMask = 2147483647;
			files = (
				2BC517901DCD1E3500CEBB93 /* main.m in Sources */,
				2BC517981DCD215D00CEBB93 /* NSString+PigLatin.m in Sources */,
			);
			runOnlyForDeploymentPostprocessing = 0;
		};
/* End PBXSourcesBuildPhase section */

/* Begin XCBuildConfiguration section */
		2BC517911DCD1E3500CEBB93 /* Debug */ = {
			isa = XCBuildConfiguration;
			buildSettings = {
				ALWAYS_SEARCH_USER_PATHS = NO;
				CLANG_ANALYZER_NONNULL = YES;
				CLANG_CXX_LANGUAGE_STANDARD = "gnu++0x";
				CLANG_CXX_LIBRARY = "libc++";
				CLANG_ENABLE_MODULES = YES;
				CLANG_ENABLE_OBJC_ARC = YES;
				CLANG_WARN_BOOL_CONVERSION = YES;
				CLANG_WARN_CONSTANT_CONVERSION = YES;
				CLANG_WARN_DIRECT_OBJC_ISA_USAGE = YES_ERROR;
				CLANG_WARN_DOCUMENTATION_COMMENTS = YES;
				CLANG_WARN_EMPTY_BODY = YES;
				CLANG_WARN_ENUM_CONVERSION = YES;
				CLANG_WARN_INFINITE_RECURSION = YES;
				CLANG_WARN_INT_CONVERSION = YES;
				CLANG_WARN_OBJC_ROOT_CLASS = YES_ERROR;
				CLANG_WARN_SUSPICIOUS_MOVES = YES;
				CLANG_WARN_UNREACHABLE_CODE = YES;
				CLANG_WARN__DUPLICATE_METHOD_MATCH = YES;
				CODE_SIGN_IDENTITY = "-";
				COPY_PHASE_STRIP = NO;
				DEBUG_INFORMATION_FORMAT = dwarf;
				ENABLE_STRICT_OBJC_MSGSEND = YES;
				ENABLE_TESTABILITY = YES;
				GCC_C_LANGUAGE_STANDARD = gnu99;
				GCC_DYNAMIC_NO_PIC = NO;
				GCC_NO_COMMON_BLOCKS = YES;
				GCC_OPTIMIZATION_LEVEL = 0;
				GCC_PREPROCESSOR_DEFINITIONS = (
					"DEBUG=1",
					"$(inherited)",
				);
				GCC_WARN_64_TO_32_BIT_CONVERSION = YES;
				GCC_WARN_ABOUT_RETURN_TYPE = YES_ERROR;
				GCC_WARN_UNDECLARED_SELECTOR = YES;
				GCC_WARN_UNINITIALIZED_AUTOS = YES_AGGRESSIVE;
				GCC_WARN_UNUSED_FUNCTION = YES;
				GCC_WARN_UNUSED_VARIABLE = YES;
				MACOSX_DEPLOYMENT_TARGET = 10.12;
				MTL_ENABLE_DEBUG_INFO = YES;
				ONLY_ACTIVE_ARCH = YES;
				SDKROOT = macosx;
			};
			name = Debug;
		};
		2BC517921DCD1E3500CEBB93 /* Release */ = {
			isa = XCBuildConfiguration;
			buildSettings = {
				ALWAYS_SEARCH_USER_PATHS = NO;
				CLANG_ANALYZER_NONNULL = YES;
				CLANG_CXX_LANGUAGE_STANDARD = "gnu++0x";
				CLANG_CXX_LIBRARY = "libc++";
				CLANG_ENABLE_MODULES = YES;
				CLANG_ENABLE_OBJC_ARC = YES;
				CLANG_WARN_BOOL_CONVERSION = YES;
				CLANG_WARN_CONSTANT_CONVERSION = YES;
				CLANG_WARN_DIRECT_OBJC_ISA_USAGE = YES_ERROR;
				CLANG_WARN_DOCUMENTATION_COMMENTS = YES;
				CLANG_WARN_EMPTY_BODY = YES;
				CLANG_WARN_ENUM_CONVERSION = YES;
				CLANG_WARN_INFINITE_RECURSION = YES;
				CLANG_WARN_INT_CONVERSION = YES;
				CLANG_WARN_OBJC_ROOT_CLASS = YES_ERROR;
				CLANG_WARN_SUSPICIOUS_MOVES = YES;
				CLANG_WARN_UNREACHABLE_CODE = YES;
				CLANG_WARN__DUPLICATE_METHOD_MATCH = YES;
				CODE_SIGN_IDENTITY = "-";
				COPY_PHASE_STRIP = NO;
				DEBUG_INFORMATION_FORMAT = "dwarf-with-dsym";
				ENABLE_NS_ASSERTIONS = NO;
				ENABLE_STRICT_OBJC_MSGSEND = YES;
				GCC_C_LANGUAGE_STANDARD = gnu99;
				GCC_NO_COMMON_BLOCKS = YES;
				GCC_WARN_64_TO_32_BIT_CONVERSION = YES;
				GCC_WARN_ABOUT_RETURN_TYPE = YES_ERROR;
				GCC_WARN_UNDECLARED_SELECTOR = YES;
				GCC_WARN_UNINITIALIZED_AUTOS = YES_AGGRESSIVE;
				GCC_WARN_UNUSED_FUNCTION = YES;
				GCC_WARN_UNUSED_VARIABLE = YES;
				MACOSX_DEPLOYMENT_TARGET = 10.12;
				MTL_ENABLE_DEBUG_INFO = NO;
				SDKROOT = macosx;
			};
			name = Release;
		};
		2BC517941DCD1E3500CEBB93 /* Debug */ = {
			isa = XCBuildConfiguration;
			buildSettings = {
				PRODUCT_NAME = "$(TARGET_NAME)";
			};
			name = Debug;
		};
		2BC517951DCD1E3500CEBB93 /* Release */ = {
			isa = XCBuildConfiguration;
			buildSettings = {
				PRODUCT_NAME = "$(TARGET_NAME)";
			};
			name = Release;
		};
/* End XCBuildConfiguration section */

/* Begin XCConfigurationList section */
		2BC517871DCD1E3500CEBB93 /* Build configuration list for PBXProject "Pig Latin" */ = {
			isa = XCConfigurationList;
			buildConfigurations = (
				2BC517911DCD1E3500CEBB93 /* Debug */,
				2BC517921DCD1E3500CEBB93 /* Release */,
			);
			defaultConfigurationIsVisible = 0;
			defaultConfigurationName = Release;
		};
		2BC517931DCD1E3500CEBB93 /* Build configuration list for PBXNativeTarget "Pig Latin" */ = {
			isa = XCConfigurationList;
			buildConfigurations = (
				2BC517941DCD1E3500CEBB93 /* Debug */,
				2BC517951DCD1E3500CEBB93 /* Release */,
			);
			defaultConfigurationIsVisible = 0;
		};
/* End XCConfigurationList section */
	};
	rootObject = 2BC517841DCD1E3500CEBB93 /* Project object */;
}
